
Microsoft Visual Studio Solution File, Format Version 12.00
# Visual Studio Version 16
VisualStudioVersion = 16.0.31321.278
MinimumVisualStudioVersion = 10.0.40219.1
Project("{FAE04EC0-301F-11D3-BF4B-00C04F79EFBC}") = "Enums_Houston_Morgan", "Enums_Houston_Morgan.csproj", "{2BA9E840-655C-4400-B88F-F7C968DB8B73}"
EndProject
Global
	GlobalSection(SolutionConfigurationPlatforms) = preSolution
		Debug|Any CPU = Debug|Any CPU
		Release|Any CPU = Release|Any CPU
	EndGlobalSection
	GlobalSection(ProjectConfigurationPlatforms) = postSolution
		{2BA9E840-655C-4400-B88F-F7C968DB8B73}.Debug|Any CPU.ActiveCfg = Debug|Any CPU
		{2BA9E840-655C-4400-B88F-F7C968DB8B73}.Debug|Any CPU.Build.0 = Debug|Any CPU
		{2BA9E840-655C-4400-B88F-F7C968DB8B73}.Release|Any CPU.ActiveCfg = Release|Any CPU
		{2BA9E840-655C-4400-B88F-F7C968DB8B73}.Release|Any CPU.Build.0 = Release|Any CPU
	EndGlobalSection
	GlobalSection(SolutionProperties) = preSolution
		HideSolutionNode = FALSE
	EndGlobalSection
	GlobalSection(ExtensibilityGlobals) = postSolution
		SolutionGuid = {D85768F4-04F3-4C21-BCB2-4EA2CA6F472E}
	EndGlobalSection
EndGlobal
